# This file is automatically @generated by Poetry 2.1.2 and should not be changed by hand.

[[package]]
name = "djangofmt"
version = "0.2.9"
description = "A fast, HTML aware, Django template formatter, written in Rust."
optional = false
python-versions = ">=3.8"
groups = ["main"]
files = [
    {file = "djangofmt-0.2.9-py3-none-linux_armv6l.whl", hash = "sha256:9a82c2e911106017c83d2ed5824afcbfd29aaa4c764206dba85615ed0e3f1cdf"},
    {file = "djangofmt-0.2.9-py3-none-macosx_10_12_x86_64.whl", hash = "sha256:40a5ca371b50c60835a149ea881fcb47d58a8f33aa0f414d59ac843f537108a3"},
    {file = "djangofmt-0.2.9-py3-none-macosx_11_0_arm64.whl", hash = "sha256:46c4974af2826cefb114607314fb90a4dfd915454db821d77365a5917737aa3c"},
    {file = "djangofmt-0.2.9-py3-none-manylinux_2_17_aarch64.manylinux2014_aarch64.whl", hash = "sha256:9e6d2eceb165a6e99ed1ed70f1902b98d1fb199b14755414d25ed02d39f85f5e"},
    {file = "djangofmt-0.2.9-py3-none-manylinux_2_17_armv7l.manylinux2014_armv7l.whl", hash = "sha256:00a5c47cfc61b531f6ae30d6e4a38964c2e87ad4f241f9ce46597cb2c40fa4d6"},
    {file = "djangofmt-0.2.9-py3-none-manylinux_2_17_i686.manylinux2014_i686.whl", hash = "sha256:b722c51a8f6fdf585bd3b071853589aa7d4d8c92060e484378c9af4d46c646bd"},
    {file = "djangofmt-0.2.9-py3-none-manylinux_2_17_ppc64le.manylinux2014_ppc64le.whl", hash = "sha256:577e11057a799ca4ad8c2080c1bd367e0a135d1fdded0f94f50e853dd704a10d"},
    {file = "djangofmt-0.2.9-py3-none-manylinux_2_17_s390x.manylinux2014_s390x.whl", hash = "sha256:6a5df54dddbf60059d9a32de3f4638ab4946bfdb2a5d769ee9df0ae6cd17e5f5"},
    {file = "djangofmt-0.2.9-py3-none-manylinux_2_17_x86_64.manylinux2014_x86_64.whl", hash = "sha256:eb5278d479c2428103718b22f5678a4059e94ad594d80cabe6b2c14b9b8593d6"},
    {file = "djangofmt-0.2.9-py3-none-manylinux_2_31_riscv64.whl", hash = "sha256:0d23531d84193dad5be9abf2f6a57cb0f73769584dd166c43556b3fd6ef92efb"},
    {file = "djangofmt-0.2.9-py3-none-musllinux_1_2_aarch64.whl", hash = "sha256:af23b83f707a95660e818e29415ee0435d0440200488369f1bff5c95ce4363ed"},
    {file = "djangofmt-0.2.9-py3-none-musllinux_1_2_armv7l.whl", hash = "sha256:47629c896704dae442f47654e0d05fe5716e4bf06298fa6b54068a714f7b9029"},
    {file = "djangofmt-0.2.9-py3-none-musllinux_1_2_i686.whl", hash = "sha256:a2ec0f2e354a4bd902f0a1576c274793b9617d1cecc0d0df277afe41651b3593"},
    {file = "djangofmt-0.2.9-py3-none-musllinux_1_2_x86_64.whl", hash = "sha256:70e83b31a4c214798c22a5fb12ef29ad4ea45e4922891865cc072c3f677f7371"},
    {file = "djangofmt-0.2.9-py3-none-win32.whl", hash = "sha256:7ddc09614ec05781b76414d203af72b0641e19fdfcfa854f3a82cc763ae65928"},
    {file = "djangofmt-0.2.9-py3-none-win_amd64.whl", hash = "sha256:4401aeebadd844d45830b4e5b1b0ed459b541553f4ac14c63903e04af5d76938"},
    {file = "djangofmt-0.2.9-py3-none-win_arm64.whl", hash = "sha256:9f67ce3cc9c8ba48fcc0b2a206f396dc51e46ffbfc3fd178b0508db3837f54fd"},
    {file = "djangofmt-0.2.9.tar.gz", hash = "sha256:7042875c2d117ee521ef0162d902fd4f52755791ff739178d0a62593209c8e24"},
]

[metadata]
lock-version = "2.1"
python-versions = ">=3.13"
content-hash = "f5096046d7268be8c814ca742fff512e370e6ec81f96853dcfc54fa3d9f52739"
